PODS:
  - apple_sound_analysis (0.1.0):
    - Flutter
    - FlutterMacOS
  - Flutter (1.0.0)
  - integration_test (0.0.1):
    - Flutter

DEPENDENCIES:
  - apple_sound_analysis (from `.symlinks/plugins/apple_sound_analysis/darwin`)
  - Flutter (from `Flutter`)
  - integration_test (from `.symlinks/plugins/integration_test/ios`)

EXTERNAL SOURCES:
  apple_sound_analysis:
    :path: ".symlinks/plugins/apple_sound_analysis/darwin"
  Flutter:
    :path: Flutter
  integration_test:
    :path: ".symlinks/plugins/integration_test/ios"

SPEC CHECKSUMS:
  apple_sound_analysis: 1aa0a01015e7eba1127e549d0f46ed2db33316d9
  Flutter: 71a624a5bc0c04062bf19101d501e466baf2fb47
  integration_test: 4a889634ef21a45d28d50d622cf412dc6d9f586e

PODFILE CHECKSUM: 3ba3a73b1b12adcf321a227a745625fe0888cc82

COCOAPODS: 1.16.2
