PODS:
  - FlutterMacOS (1.0.0)
  - media_intelligence (0.1.0):
    - Flutter
    - FlutterMacOS

DEPENDENCIES:
  - FlutterMacOS (from `Flutter/ephemeral`)
  - media_intelligence (from `Flutter/ephemeral/.symlinks/plugins/media_intelligence/darwin`)

EXTERNAL SOURCES:
  FlutterMacOS:
    :path: Flutter/ephemeral
  media_intelligence:
    :path: Flutter/ephemeral/.symlinks/plugins/media_intelligence/darwin

SPEC CHECKSUMS:
  FlutterMacOS: c232990155153907050900a2e175c7773903ba4e
  media_intelligence: 7a4b066bb15fc05a9962dd3074d8ab112db6f270

PODFILE CHECKSUM: 1e95c36afbfd1cb6423ceca4de7a8e1b256fb6ac

COCOAPODS: 1.16.2
