PODS:
  - FlutterMacOS (1.0.0)
  - image_playground (0.1.0):
    - Flutter
    - FlutterMacOS

DEPENDENCIES:
  - FlutterMacOS (from `Flutter/ephemeral`)
  - image_playground (from `Flutter/ephemeral/.symlinks/plugins/image_playground/darwin`)

EXTERNAL SOURCES:
  FlutterMacOS:
    :path: Flutter/ephemeral
  image_playground:
    :path: Flutter/ephemeral/.symlinks/plugins/image_playground/darwin

SPEC CHECKSUMS:
  FlutterMacOS: c232990155153907050900a2e175c7773903ba4e
  image_playground: 693ea1a6242129aea61f92ef2dee989cb9c0d6eb

PODFILE CHECKSUM: 1e95c36afbfd1cb6423ceca4de7a8e1b256fb6ac

COCOAPODS: 1.16.2
