PODS:
  - FlutterMacOS (1.0.0)
  - foundation_models (0.1.0):
    - Flutter
    - FlutterMacOS

DEPENDENCIES:
  - FlutterMacOS (from `Flutter/ephemeral`)
  - foundation_models (from `Flutter/ephemeral/.symlinks/plugins/foundation_models/darwin`)

EXTERNAL SOURCES:
  FlutterMacOS:
    :path: Flutter/ephemeral
  foundation_models:
    :path: Flutter/ephemeral/.symlinks/plugins/foundation_models/darwin

SPEC CHECKSUMS:
  FlutterMacOS: c232990155153907050900a2e175c7773903ba4e
  foundation_models: a6daabbad87e75aac28f816461b7ce5be3eb8959

PODFILE CHECKSUM: 1e95c36afbfd1cb6423ceca4de7a8e1b256fb6ac

COCOAPODS: 1.16.2
