PODS:
  - Flutter (1.0.0)
  - foundation_models (0.1.0):
    - Flutter
    - FlutterMacOS
  - integration_test (0.0.1):
    - Flutter

DEPENDENCIES:
  - Flutter (from `Flutter`)
  - foundation_models (from `.symlinks/plugins/foundation_models/darwin`)
  - integration_test (from `.symlinks/plugins/integration_test/ios`)

EXTERNAL SOURCES:
  Flutter:
    :path: Flutter
  foundation_models:
    :path: ".symlinks/plugins/foundation_models/darwin"
  integration_test:
    :path: ".symlinks/plugins/integration_test/ios"

SPEC CHECKSUMS:
  Flutter: 71a624a5bc0c04062bf19101d501e466baf2fb47
  foundation_models: a6daabbad87e75aac28f816461b7ce5be3eb8959
  integration_test: 4a889634ef21a45d28d50d622cf412dc6d9f586e

PODFILE CHECKSUM: 3ba3a73b1b12adcf321a227a745625fe0888cc82

COCOAPODS: 1.16.2
